
Microsoft Visual Studio Solution File, Format Version 12.00
# Visual Studio Version 17
VisualStudioVersion = 17.6.33829.357
MinimumVisualStudioVersion = 10.0.40219.1
Project("{FAE04EC0-301F-11D3-BF4B-00C04F79EFBC}") = "Static_Constructor", "Static_Constructor\Static_Constructor.csproj", "{407191AF-BA56-4076-BA13-2BD51FB25E7B}"
EndProject
Project("{FAE04EC0-301F-11D3-BF4B-00C04F79EFBC}") = "Singleton", "Singleton\Singleton.csproj", "{28855BFF-0805-4EC6-9C86-79188647E797}"
EndProject
Global
	GlobalSection(SolutionConfigurationPlatforms) = preSolution
		Debug|Any CPU = Debug|Any CPU
		Release|Any CPU = Release|Any CPU
	EndGlobalSection
	GlobalSection(ProjectConfigurationPlatforms) = postSolution
		{407191AF-BA56-4076-BA13-2BD51FB25E7B}.Debug|Any CPU.ActiveCfg = Debug|Any CPU
		{407191AF-BA56-4076-BA13-2BD51FB25E7B}.Debug|Any CPU.Build.0 = Debug|Any CPU
		{407191AF-BA56-4076-BA13-2BD51FB25E7B}.Release|Any CPU.ActiveCfg = Release|Any CPU
		{407191AF-BA56-4076-BA13-2BD51FB25E7B}.Release|Any CPU.Build.0 = Release|Any CPU
		{28855BFF-0805-4EC6-9C86-79188647E797}.Debug|Any CPU.ActiveCfg = Debug|Any CPU
		{28855BFF-0805-4EC6-9C86-79188647E797}.Debug|Any CPU.Build.0 = Debug|Any CPU
		{28855BFF-0805-4EC6-9C86-79188647E797}.Release|Any CPU.ActiveCfg = Release|Any CPU
		{28855BFF-0805-4EC6-9C86-79188647E797}.Release|Any CPU.Build.0 = Release|Any CPU
	EndGlobalSection
	GlobalSection(SolutionProperties) = preSolution
		HideSolutionNode = FALSE
	EndGlobalSection
	GlobalSection(ExtensibilityGlobals) = postSolution
		SolutionGuid = {C3313809-0856-48AF-A16C-29AA72F6E18F}
	EndGlobalSection
EndGlobal
